
Microsoft Visual Studio Solution File, Format Version 12.00
# Visual Studio Version 16
VisualStudioVersion = 16.0.31005.135
MinimumVisualStudioVersion = 10.0.40219.1
Project("{FAE04EC0-301F-11D3-BF4B-00C04F79EFBC}") = "Emytity", "Emytity\Emytity.csproj", "{83009470-7426-4170-A011-143CF71ED558}"
EndProject
Global
	GlobalSection(SolutionConfigurationPlatforms) = preSolution
		Debug|Any CPU = Debug|Any CPU
		Release|Any CPU = Release|Any CPU
	EndGlobalSection
	GlobalSection(ProjectConfigurationPlatforms) = postSolution
		{83009470-7426-4170-A011-143CF71ED558}.Debug|Any CPU.ActiveCfg = Debug|Any CPU
		{83009470-7426-4170-A011-143CF71ED558}.Debug|Any CPU.Build.0 = Debug|Any CPU
		{83009470-7426-4170-A011-143CF71ED558}.Release|Any CPU.ActiveCfg = Release|Any CPU
		{83009470-7426-4170-A011-143CF71ED558}.Release|Any CPU.Build.0 = Release|Any CPU
	EndGlobalSection
	GlobalSection(SolutionProperties) = preSolution
		HideSolutionNode = FALSE
	EndGlobalSection
	GlobalSection(ExtensibilityGlobals) = postSolution
		SolutionGuid = {518778D3-604A-41D5-87D4-136CA3753597}
	EndGlobalSection
EndGlobal
